
Microsoft Visual Studio Solution File, Format Version 12.00
# Visual Studio 15
VisualStudioVersion = 15.0.27703.2018
MinimumVisualStudioVersion = 10.0.40219.1
Project("{FAE04EC0-301F-11D3-BF4B-00C04F79EFBC}") = "CSharpWeb.NetFramework", "CSharpWeb.NetFramework\CSharpWeb.NetFramework.csproj", "{064E6484-159D-456C-8929-A85EA9A7D4ED}"
EndProject
Project("{F2A71F9B-5D33-465A-A702-920D77279786}") = "FSharpOO.NetFramework", "FSharpOO.NetFramework\FSharpOO.NetFramework.fsproj", "{D115470A-1CA1-42FC-BE30-BF389A1BDAEB}"
EndProject
Project("{F2A71F9B-5D33-465A-A702-920D77279786}") = "FSharpWeb.NetFramework", "FSharpWeb.NetFramework\FSharpWeb.NetFramework.fsproj", "{6A8C25A7-A896-41EE-9E8C-CA0C228E0BC3}"
EndProject
Project("{2150E333-8FDC-42A3-9474-1A3956D46DE8}") = "NetFramework", "NetFramework", "{C175285C-1155-4AE6-AA6A-E5991CD342DC}"
EndProject
Project("{2150E333-8FDC-42A3-9474-1A3956D46DE8}") = "NetCore", "NetCore", "{E56F9D07-281B-4F72-9F68-4C490839AB7E}"
EndProject
Project("{6EC3EE1D-3C4E-46DD-8F32-0CC8E7565705}") = "FSharpOO", "FSharpOO\FSharpOO.fsproj", "{944B7A62-3E18-430E-8FD3-3751FDAA16AE}"
EndProject
Project("{FAE04EC0-301F-11D3-BF4B-00C04F79EFBC}") = "CSharpWebMVC", "CSharpWebMVC\CSharpWebMVC.csproj", "{028CFE78-32FB-419D-A86D-29306EF0764E}"
EndProject
Project("{FAE04EC0-301F-11D3-BF4B-00C04F79EFBC}") = "CSharpWebAPI", "CSharpWebAPI\CSharpWebAPI.csproj", "{422FE4AA-AFFE-4DEE-9FD5-1F1CD11AC89E}"
EndProject
Project("{F2A71F9B-5D33-465A-A702-920D77279786}") = "FSharpWeb", "FSharpWeb\FSharpWeb.fsproj", "{F39DA47E-8974-4BB1-9F65-79E13EF27375}"
EndProject
Global
	GlobalSection(SolutionConfigurationPlatforms) = preSolution
		Debug|Any CPU = Debug|Any CPU
		Release|Any CPU = Release|Any CPU
	EndGlobalSection
	GlobalSection(ProjectConfigurationPlatforms) = postSolution
		{064E6484-159D-456C-8929-A85EA9A7D4ED}.Debug|Any CPU.ActiveCfg = Debug|Any CPU
		{064E6484-159D-456C-8929-A85EA9A7D4ED}.Debug|Any CPU.Build.0 = Debug|Any CPU
		{064E6484-159D-456C-8929-A85EA9A7D4ED}.Release|Any CPU.ActiveCfg = Release|Any CPU
		{064E6484-159D-456C-8929-A85EA9A7D4ED}.Release|Any CPU.Build.0 = Release|Any CPU
		{D115470A-1CA1-42FC-BE30-BF389A1BDAEB}.Debug|Any CPU.ActiveCfg = Debug|Any CPU
		{D115470A-1CA1-42FC-BE30-BF389A1BDAEB}.Debug|Any CPU.Build.0 = Debug|Any CPU
		{D115470A-1CA1-42FC-BE30-BF389A1BDAEB}.Release|Any CPU.ActiveCfg = Release|Any CPU
		{D115470A-1CA1-42FC-BE30-BF389A1BDAEB}.Release|Any CPU.Build.0 = Release|Any CPU
		{6A8C25A7-A896-41EE-9E8C-CA0C228E0BC3}.Debug|Any CPU.ActiveCfg = Debug|Any CPU
		{6A8C25A7-A896-41EE-9E8C-CA0C228E0BC3}.Debug|Any CPU.Build.0 = Debug|Any CPU
		{6A8C25A7-A896-41EE-9E8C-CA0C228E0BC3}.Release|Any CPU.ActiveCfg = Release|Any CPU
		{6A8C25A7-A896-41EE-9E8C-CA0C228E0BC3}.Release|Any CPU.Build.0 = Release|Any CPU
		{944B7A62-3E18-430E-8FD3-3751FDAA16AE}.Debug|Any CPU.ActiveCfg = Debug|Any CPU
		{944B7A62-3E18-430E-8FD3-3751FDAA16AE}.Debug|Any CPU.Build.0 = Debug|Any CPU
		{944B7A62-3E18-430E-8FD3-3751FDAA16AE}.Release|Any CPU.ActiveCfg = Release|Any CPU
		{944B7A62-3E18-430E-8FD3-3751FDAA16AE}.Release|Any CPU.Build.0 = Release|Any CPU
		{028CFE78-32FB-419D-A86D-29306EF0764E}.Debug|Any CPU.ActiveCfg = Debug|Any CPU
		{028CFE78-32FB-419D-A86D-29306EF0764E}.Debug|Any CPU.Build.0 = Debug|Any CPU
		{028CFE78-32FB-419D-A86D-29306EF0764E}.Release|Any CPU.ActiveCfg = Release|Any CPU
		{028CFE78-32FB-419D-A86D-29306EF0764E}.Release|Any CPU.Build.0 = Release|Any CPU
		{422FE4AA-AFFE-4DEE-9FD5-1F1CD11AC89E}.Debug|Any CPU.ActiveCfg = Debug|Any CPU
		{422FE4AA-AFFE-4DEE-9FD5-1F1CD11AC89E}.Debug|Any CPU.Build.0 = Debug|Any CPU
		{422FE4AA-AFFE-4DEE-9FD5-1F1CD11AC89E}.Release|Any CPU.ActiveCfg = Release|Any CPU
		{422FE4AA-AFFE-4DEE-9FD5-1F1CD11AC89E}.Release|Any CPU.Build.0 = Release|Any CPU
		{F39DA47E-8974-4BB1-9F65-79E13EF27375}.Debug|Any CPU.ActiveCfg = Debug|Any CPU
		{F39DA47E-8974-4BB1-9F65-79E13EF27375}.Debug|Any CPU.Build.0 = Debug|Any CPU
		{F39DA47E-8974-4BB1-9F65-79E13EF27375}.Release|Any CPU.ActiveCfg = Release|Any CPU
		{F39DA47E-8974-4BB1-9F65-79E13EF27375}.Release|Any CPU.Build.0 = Release|Any CPU
	EndGlobalSection
	GlobalSection(SolutionProperties) = preSolution
		HideSolutionNode = FALSE
	EndGlobalSection
	GlobalSection(NestedProjects) = preSolution
		{064E6484-159D-456C-8929-A85EA9A7D4ED} = {C175285C-1155-4AE6-AA6A-E5991CD342DC}
		{D115470A-1CA1-42FC-BE30-BF389A1BDAEB} = {C175285C-1155-4AE6-AA6A-E5991CD342DC}
		{6A8C25A7-A896-41EE-9E8C-CA0C228E0BC3} = {C175285C-1155-4AE6-AA6A-E5991CD342DC}
		{944B7A62-3E18-430E-8FD3-3751FDAA16AE} = {E56F9D07-281B-4F72-9F68-4C490839AB7E}
		{028CFE78-32FB-419D-A86D-29306EF0764E} = {E56F9D07-281B-4F72-9F68-4C490839AB7E}
		{422FE4AA-AFFE-4DEE-9FD5-1F1CD11AC89E} = {E56F9D07-281B-4F72-9F68-4C490839AB7E}
		{F39DA47E-8974-4BB1-9F65-79E13EF27375} = {E56F9D07-281B-4F72-9F68-4C490839AB7E}
	EndGlobalSection
	GlobalSection(ExtensibilityGlobals) = postSolution
		SolutionGuid = {74E5895E-61B3-4F4A-AB35-5DA1AD6D3BA4}
	EndGlobalSection
EndGlobal
