
Microsoft Visual Studio Solution File, Format Version 12.00
# Visual Studio 14
VisualStudioVersion = 14.0.25420.1
MinimumVisualStudioVersion = 10.0.40219.1
Project("{FAE04EC0-301F-11D3-BF4B-00C04F79EFBC}") = "CSharpWeb", "CSharpWeb\CSharpWeb.csproj", "{064E6484-159D-456C-8929-A85EA9A7D4ED}"
EndProject
Project("{F2A71F9B-5D33-465A-A702-920D77279786}") = "FSharpOO", "FSharpOO\FSharpOO.fsproj", "{D115470A-1CA1-42FC-BE30-BF389A1BDAEB}"
EndProject
Project("{F2A71F9B-5D33-465A-A702-920D77279786}") = "FSharpWeb", "FSharpWeb\FSharpWeb\FSharpWeb.fsproj", "{6A8C25A7-A896-41EE-9E8C-CA0C228E0BC3}"
EndProject
Global
	GlobalSection(SolutionConfigurationPlatforms) = preSolution
		Debug|Any CPU = Debug|Any CPU
		Release|Any CPU = Release|Any CPU
	EndGlobalSection
	GlobalSection(ProjectConfigurationPlatforms) = postSolution
		{064E6484-159D-456C-8929-A85EA9A7D4ED}.Debug|Any CPU.ActiveCfg = Debug|Any CPU
		{064E6484-159D-456C-8929-A85EA9A7D4ED}.Debug|Any CPU.Build.0 = Debug|Any CPU
		{064E6484-159D-456C-8929-A85EA9A7D4ED}.Release|Any CPU.ActiveCfg = Release|Any CPU
		{064E6484-159D-456C-8929-A85EA9A7D4ED}.Release|Any CPU.Build.0 = Release|Any CPU
		{D115470A-1CA1-42FC-BE30-BF389A1BDAEB}.Debug|Any CPU.ActiveCfg = Debug|Any CPU
		{D115470A-1CA1-42FC-BE30-BF389A1BDAEB}.Debug|Any CPU.Build.0 = Debug|Any CPU
		{D115470A-1CA1-42FC-BE30-BF389A1BDAEB}.Release|Any CPU.ActiveCfg = Release|Any CPU
		{D115470A-1CA1-42FC-BE30-BF389A1BDAEB}.Release|Any CPU.Build.0 = Release|Any CPU
		{6A8C25A7-A896-41EE-9E8C-CA0C228E0BC3}.Debug|Any CPU.ActiveCfg = Debug|Any CPU
		{6A8C25A7-A896-41EE-9E8C-CA0C228E0BC3}.Debug|Any CPU.Build.0 = Debug|Any CPU
		{6A8C25A7-A896-41EE-9E8C-CA0C228E0BC3}.Release|Any CPU.ActiveCfg = Release|Any CPU
		{6A8C25A7-A896-41EE-9E8C-CA0C228E0BC3}.Release|Any CPU.Build.0 = Release|Any CPU
	EndGlobalSection
	GlobalSection(SolutionProperties) = preSolution
		HideSolutionNode = FALSE
	EndGlobalSection
EndGlobal
